// !$*UTF8*$!
{
	archiveVersion = 1;
	classes = {
	};
	objectVersion = 77;
	objects = {

/* Begin PBXBuildFile section */
		1A43DAB2B4094FA99679793E /* FirebaseCore in Frameworks */ = {isa = PBXBuildFile; productRef = 871D9FCE296143969AC79517 /* FirebaseCore */; };
		9E3D67B72F7E640600EDF220 /* KakaoSDK in Frameworks */ = {isa = PBXBuildFile; productRef = 9E3D67B62F7E640600EDF220 /* KakaoSDK */; };
		9E3D67B92F7E640600EDF220 /* KakaoSDKAuth in Frameworks */ = {isa = PBXBuildFile; productRef = 9E3D67B82F7E640600EDF220 /* KakaoSDKAuth */; };
		9E3D67BB2F7E640600EDF220 /* KakaoSDKCommon in Frameworks */ = {isa = PBXBuildFile; productRef = 9E3D67BA2F7E640600EDF220 /* KakaoSDKCommon */; };
		9E3D67BD2F7E640600EDF220 /* KakaoSDKUser in Frameworks */ = {isa = PBXBuildFile; productRef = 9E3D67BC2F7E640600EDF220 /* KakaoSDKUser */; };
		9E3D67C02F7EC42E00EDF220 /* GoogleSignIn in Frameworks */ = {isa = PBXBuildFile; productRef = 9E3D67BF2F7EC42E00EDF220 /* GoogleSignIn */; };
		9E3D67C22F7EC42E00EDF220 /* GoogleSignInSwift in Frameworks */ = {isa = PBXBuildFile; productRef = 9E3D67C12F7EC42E00EDF220 /* GoogleSignInSwift */; };
		9EE1D3A72F9937A1006B0005 /* Kingfisher in Frameworks */ = {isa = PBXBuildFile; productRef = 9EE1D3A62F9937A1006B0005 /* Kingfisher */; };
		9EE2A0012FBE0001006B0001 /* KakaoSDKShare in Frameworks */ = {isa = PBXBuildFile; productRef = 9EE2A0022FBE0001006B0001 /* KakaoSDKShare */; };
		9EE2A0032FBE0001006B0001 /* KakaoSDKTemplate in Frameworks */ = {isa = PBXBuildFile; productRef = 9EE2A0042FBE0001006B0001 /* KakaoSDKTemplate */; };
		CD4DFFCA01E049A2AA956E63 /* FirebaseMessaging in Frameworks */ = {isa = PBXBuildFile; productRef = 6A840767BC09419ABC2DA19E /* FirebaseMessaging */; };
/* End PBXBuildFile section */

/* Begin PBXFileReference section */
		9E0C1A172F7A7A4800AB15F3 /* Bookiibookii.app */ = {isa = PBXFileReference; explicitFileType = wrapper.application; includeInIndex = 0; path = Bookiibookii.app; sourceTree = BUILT_PRODUCTS_DIR; };
/* End PBXFileReference section */

/* Begin PBXFileSystemSynchronizedBuildFileExceptionSet section */
		9E3D67672F7E582900EDF220 /* Exceptions for "Bookiibookii" folder in "Bookiibookii" target */ = {
			isa = PBXFileSystemSynchronizedBuildFileExceptionSet;
			membershipExceptions = (
				Info.plist,
			);
			target = 9E0C1A162F7A7A4800AB15F3 /* Bookiibookii */;
		};
/* End PBXFileSystemSynchronizedBuildFileExceptionSet section */

/* Begin PBXFileSystemSynchronizedRootGroup section */
		9E0C1A192F7A7A4800AB15F3 /* Bookiibookii */ = {
			isa = PBXFileSystemSynchronizedRootGroup;
			exceptions = (
				9E3D67672F7E582900EDF220 /* Exceptions for "Bookiibookii" folder in "Bookiibookii" target */,
			);
			path = Bookiibookii;
			sourceTree = "<group>";
		};
/* End PBXFileSystemSynchronizedRootGroup section */

/* Begin PBXFrameworksBuildPhase section */
		9E0C1A142F7A7A4800AB15F3 /* Frameworks */ = {
			isa = PBXFrameworksBuildPhase;
			buildActionMask = 2147483647;
			files = (
				9E3D67C02F7EC42E00EDF220 /* GoogleSignIn in Frameworks */,
				9E3D67BD2F7E640600EDF220 /* KakaoSDKUser in Frameworks */,
				9EE1D3A72F9937A1006B0005 /* Kingfisher in Frameworks */,
				9E3D67B72F7E640600EDF220 /* KakaoSDK in Frameworks */,
				9EE2A0012FBE0001006B0001 /* KakaoSDKShare in Frameworks */,
				9EE2A0032FBE0001006B0001 /* KakaoSDKTemplate in Frameworks */,
				9E3D67C22F7EC42E00EDF220 /* GoogleSignInSwift in Frameworks */,
				9E3D67BB2F7E640600EDF220 /* KakaoSDKCommon in Frameworks */,
				9E3D67B92F7E640600EDF220 /* KakaoSDKAuth in Frameworks */,
				1A43DAB2B4094FA99679793E /* FirebaseCore in Frameworks */,
				CD4DFFCA01E049A2AA956E63 /* FirebaseMessaging in Frameworks */,
			);
			runOnlyForDeploymentPostprocessing = 0;
		};
/* End PBXFrameworksBuildPhase section */

/* Begin PBXGroup section */
		9E0C1A0E2F7A7A4800AB15F3 = {
			isa = PBXGroup;
			children = (
				9E0C1A192F7A7A4800AB15F3 /* Bookiibookii */,
				9E3D67B52F7E640600EDF220 /* Frameworks */,
				9E0C1A182F7A7A4800AB15F3 /* Products */,
			);
			sourceTree = "<group>";
		};
		9E0C1A182F7A7A4800AB15F3 /* Products */ = {
			isa = PBXGroup;
			children = (
				9E0C1A172F7A7A4800AB15F3 /* Bookiibookii.app */,
			);
			name = Products;
			sourceTree = "<group>";
		};
		9E3D67B52F7E640600EDF220 /* Frameworks */ = {
			isa = PBXGroup;
			children = (
			);
			name = Frameworks;
			sourceTree = "<group>";
		};
/* End PBXGroup section */

/* Begin PBXNativeTarget section */
		9E0C1A162F7A7A4800AB15F3 /* Bookiibookii */ = {
			isa = PBXNativeTarget;
			buildConfigurationList = 9E0C1A222F7A7A4900AB15F3 /* Build configuration list for PBXNativeTarget "Bookiibookii" */;
			buildPhases = (
				9E0C1A132F7A7A4800AB15F3 /* Sources */,
				9E0C1A142F7A7A4800AB15F3 /* Frameworks */,
				9E0C1A152F7A7A4800AB15F3 /* Resources */,
			);
			buildRules = (
			);
			dependencies = (
			);
			fileSystemSynchronizedGroups = (
				9E0C1A192F7A7A4800AB15F3 /* Bookiibookii */,
			);
			name = Bookiibookii;
			packageProductDependencies = (
				9E3D67B62F7E640600EDF220 /* KakaoSDK */,
				9E3D67B82F7E640600EDF220 /* KakaoSDKAuth */,
				9E3D67BA2F7E640600EDF220 /* KakaoSDKCommon */,
				9E3D67BC2F7E640600EDF220 /* KakaoSDKUser */,
				9EE2A0022FBE0001006B0001 /* KakaoSDKShare */,
				9EE2A0042FBE0001006B0001 /* KakaoSDKTemplate */,
				9E3D67BF2F7EC42E00EDF220 /* GoogleSignIn */,
				9E3D67C12F7EC42E00EDF220 /* GoogleSignInSwift */,
				9EE1D3A62F9937A1006B0005 /* Kingfisher */,
				871D9FCE296143969AC79517 /* FirebaseCore */,
				6A840767BC09419ABC2DA19E /* FirebaseMessaging */,
			);
			productName = Bookiibookii;
			productReference = 9E0C1A172F7A7A4800AB15F3 /* Bookiibookii.app */;
			productType = "com.apple.product-type.application";
		};
/* End PBXNativeTarget section */

/* Begin PBXProject section */
		9E0C1A0F2F7A7A4800AB15F3 /* Project object */ = {
			isa = PBXProject;
			attributes = {
				BuildIndependentTargetsInParallel = 1;
				LastSwiftUpdateCheck = 2640;
				LastUpgradeCheck = 2640;
				TargetAttributes = {
					9E0C1A162F7A7A4800AB15F3 = {
						CreatedOnToolsVersion = 26.4;
					};
				};
			};
			buildConfigurationList = 9E0C1A122F7A7A4800AB15F3 /* Build configuration list for PBXProject "Bookiibookii" */;
			developmentRegion = en;
			hasScannedForEncodings = 0;
			knownRegions = (
				en,
				Base,
			);
			mainGroup = 9E0C1A0E2F7A7A4800AB15F3;
			minimizedProjectReferenceProxies = 1;
			packageReferences = (
				9E3D67652F7E578300EDF220 /* XCRemoteSwiftPackageReference "kakao-ios-sdk" */,
				9E3D67BE2F7EC42E00EDF220 /* XCRemoteSwiftPackageReference "GoogleSignIn-iOS" */,
				9EE1D3A52F9937A1006B0005 /* XCRemoteSwiftPackageReference "Kingfisher" */,
				D489A46F1B954E2BB049319C /* XCRemoteSwiftPackageReference "firebase-ios-sdk" */,
			);
			preferredProjectObjectVersion = 77;
			productRefGroup = 9E0C1A182F7A7A4800AB15F3 /* Products */;
			projectDirPath = "";
			projectRoot = "";
			targets = (
				9E0C1A162F7A7A4800AB15F3 /* Bookiibookii */,
			);
		};
/* End PBXProject section */

/* Begin PBXResourcesBuildPhase section */
		9E0C1A152F7A7A4800AB15F3 /* Resources */ = {
			isa = PBXResourcesBuildPhase;
			buildActionMask = 2147483647;
			files = (
			);
			runOnlyForDeploymentPostprocessing = 0;
		};
/* End PBXResourcesBuildPhase section */

/* Begin PBXSourcesBuildPhase section */
		9E0C1A132F7A7A4800AB15F3 /* Sources */ = {
			isa = PBXSourcesBuildPhase;
			buildActionMask = 2147483647;
			files = (
			);
			runOnlyForDeploymentPostprocessing = 0;
		};
/* End PBXSourcesBuildPhase section */

/* Begin XCBuildConfiguration section */
		9E0C1A202F7A7A4900AB15F3 /* Debug */ = {
			isa = XCBuildConfiguration;
			baseConfigurationReferenceAnchor = 9E0C1A192F7A7A4800AB15F3 /* Bookiibookii */;
			baseConfigurationReferenceRelativePath = Config.xcconfig;
			buildSettings = {
				ALWAYS_SEARCH_USER_PATHS = NO;
				ASSETCATALOG_COMPILER_GENERATE_SWIFT_ASSET_SYMBOL_EXTENSIONS = YES;
				CLANG_ANALYZER_NONNULL = YES;
				CLANG_ANALYZER_NUMBER_OBJECT_CONVERSION = YES_AGGRESSIVE;
				CLANG_CXX_LANGUAGE_STANDARD = "gnu++20";
				CLANG_ENABLE_MODULES = YES;
				CLANG_ENABLE_OBJC_ARC = YES;
				CLANG_ENABLE_OBJC_WEAK = YES;
				CLANG_WARN_BLOCK_CAPTURE_AUTORELEASING = YES;
				CLANG_WARN_BOOL_CONVERSION = YES;
				CLANG_WARN_COMMA = YES;
				CLANG_WARN_CONSTANT_CONVERSION = YES;
				CLANG_WARN_DEPRECATED_OBJC_IMPLEMENTATIONS = YES;
				CLANG_WARN_DIRECT_OBJC_ISA_USAGE = YES_ERROR;
				CLANG_WARN_DOCUMENTATION_COMMENTS = YES;
				CLANG_WARN_EMPTY_BODY = YES;
				CLANG_WARN_ENUM_CONVERSION = YES;
				CLANG_WARN_INFINITE_RECURSION = YES;
				CLANG_WARN_INT_CONVERSION = YES;
				CLANG_WARN_NON_LITERAL_NULL_CONVERSION = YES;
				CLANG_WARN_OBJC_IMPLICIT_RETAIN_SELF = YES;
				CLANG_WARN_OBJC_LITERAL_CONVERSION = YES;
				CLANG_WARN_OBJC_ROOT_CLASS = YES_ERROR;
				CLANG_WARN_QUOTED_INCLUDE_IN_FRAMEWORK_HEADER = YES;
				CLANG_WARN_RANGE_LOOP_ANALYSIS = YES;
				CLANG_WARN_STRICT_PROTOTYPES = YES;
				CLANG_WARN_SUSPICIOUS_MOVE = YES;
				CLANG_WARN_UNGUARDED_AVAILABILITY = YES_AGGRESSIVE;
				CLANG_WARN_UNREACHABLE_CODE = YES;
				CLANG_WARN__DUPLICATE_METHOD_MATCH = YES;
				COPY_PHASE_STRIP = NO;
				DEBUG_INFORMATION_FORMAT = dwarf;
				ENABLE_STRICT_OBJC_MSGSEND = YES;
				ENABLE_TESTABILITY = YES;
				ENABLE_USER_SCRIPT_SANDBOXING = YES;
				GCC_C_LANGUAGE_STANDARD = gnu17;
				GCC_DYNAMIC_NO_PIC = NO;
				GCC_NO_COMMON_BLOCKS = YES;
				GCC_OPTIMIZATION_LEVEL = 0;
				GCC_PREPROCESSOR_DEFINITIONS = (
					"DEBUG=1",
					"$(inherited)",
				);
				GCC_WARN_64_TO_32_BIT_CONVERSION = YES;
				GCC_WARN_ABOUT_RETURN_TYPE = YES_ERROR;
				GCC_WARN_UNDECLARED_SELECTOR = YES;
				GCC_WARN_UNINITIALIZED_AUTOS = YES_AGGRESSIVE;
				GCC_WARN_UNUSED_FUNCTION = YES;
				GCC_WARN_UNUSED_VARIABLE = YES;
				IPHONEOS_DEPLOYMENT_TARGET = 18.0;
				LOCALIZATION_PREFERS_STRING_CATALOGS = YES;
				MTL_ENABLE_DEBUG_INFO = INCLUDE_SOURCE;
				MTL_FAST_MATH = YES;
				ONLY_ACTIVE_ARCH = YES;
				SDKROOT = iphoneos;
				SWIFT_ACTIVE_COMPILATION_CONDITIONS = "DEBUG $(inherited)";
				SWIFT_OPTIMIZATION_LEVEL = "-Onone";
			};
			name = Debug;
		};
		9E0C1A212F7A7A4900AB15F3 /* Release */ = {
			isa = XCBuildConfiguration;
			baseConfigurationReferenceAnchor = 9E0C1A192F7A7A4800AB15F3 /* Bookiibookii */;
			baseConfigurationReferenceRelativePath = Config.xcconfig;
			buildSettings = {
				ALWAYS_SEARCH_USER_PATHS = NO;
				ASSETCATALOG_COMPILER_GENERATE_SWIFT_ASSET_SYMBOL_EXTENSIONS = YES;
				CLANG_ANALYZER_NONNULL = YES;
				CLANG_ANALYZER_NUMBER_OBJECT_CONVERSION = YES_AGGRESSIVE;
				CLANG_CXX_LANGUAGE_STANDARD = "gnu++20";
				CLANG_ENABLE_MODULES = YES;
				CLANG_ENABLE_OBJC_ARC = YES;
				CLANG_ENABLE_OBJC_WEAK = YES;
				CLANG_WARN_BLOCK_CAPTURE_AUTORELEASING = YES;
				CLANG_WARN_BOOL_CONVERSION = YES;
				CLANG_WARN_COMMA = YES;
				CLANG_WARN_CONSTANT_CONVERSION = YES;
				CLANG_WARN_DEPRECATED_OBJC_IMPLEMENTATIONS = YES;
				CLANG_WARN_DIRECT_OBJC_ISA_USAGE = YES_ERROR;
				CLANG_WARN_DOCUMENTATION_COMMENTS = YES;
				CLANG_WARN_EMPTY_BODY = YES;
				CLANG_WARN_ENUM_CONVERSION = YES;
				CLANG_WARN_INFINITE_RECURSION = YES;
				CLANG_WARN_INT_CONVERSION = YES;
				CLANG_WARN_NON_LITERAL_NULL_CONVERSION = YES;
				CLANG_WARN_OBJC_IMPLICIT_RETAIN_SELF = YES;
				CLANG_WARN_OBJC_LITERAL_CONVERSION = YES;
				CLANG_WARN_OBJC_ROOT_CLASS = YES_ERROR;
				CLANG_WARN_QUOTED_INCLUDE_IN_FRAMEWORK_HEADER = YES;
				CLANG_WARN_RANGE_LOOP_ANALYSIS = YES;
				CLANG_WARN_STRICT_PROTOTYPES = YES;
				CLANG_WARN_SUSPICIOUS_MOVE = YES;
				CLANG_WARN_UNGUARDED_AVAILABILITY = YES_AGGRESSIVE;
				CLANG_WARN_UNREACHABLE_CODE = YES;
				CLANG_WARN__DUPLICATE_METHOD_MATCH = YES;
				COPY_PHASE_STRIP = NO;
				DEBUG_INFORMATION_FORMAT = "dwarf-with-dsym";
				ENABLE_NS_ASSERTIONS = NO;
				ENABLE_STRICT_OBJC_MSGSEND = YES;
				ENABLE_USER_SCRIPT_SANDBOXING = YES;
				GCC_C_LANGUAGE_STANDARD = gnu17;
				GCC_NO_COMMON_BLOCKS = YES;
				GCC_WARN_64_TO_32_BIT_CONVERSION = YES;
				GCC_WARN_ABOUT_RETURN_TYPE = YES_ERROR;
				GCC_WARN_UNDECLARED_SELECTOR = YES;
				GCC_WARN_UNINITIALIZED_AUTOS = YES_AGGRESSIVE;
				GCC_WARN_UNUSED_FUNCTION = YES;
				GCC_WARN_UNUSED_VARIABLE = YES;
				IPHONEOS_DEPLOYMENT_TARGET = 18.0;
				LOCALIZATION_PREFERS_STRING_CATALOGS = YES;
				MTL_ENABLE_DEBUG_INFO = NO;
				MTL_FAST_MATH = YES;
				SDKROOT = iphoneos;
				SWIFT_COMPILATION_MODE = wholemodule;
				VALIDATE_PRODUCT = YES;
			};
			name = Release;
		};
		9E0C1A252F7A7A4900AB15F3 /* Release-Dev */ = {
			isa = XCBuildConfiguration;
			baseConfigurationReferenceAnchor = 9E0C1A192F7A7A4800AB15F3 /* Bookiibookii */;
			baseConfigurationReferenceRelativePath = Config.xcconfig;
			buildSettings = {
				ALWAYS_SEARCH_USER_PATHS = NO;
				ASSETCATALOG_COMPILER_GENERATE_SWIFT_ASSET_SYMBOL_EXTENSIONS = YES;
				CLANG_ANALYZER_NONNULL = YES;
				CLANG_ANALYZER_NUMBER_OBJECT_CONVERSION = YES_AGGRESSIVE;
				CLANG_CXX_LANGUAGE_STANDARD = "gnu++20";
				CLANG_ENABLE_MODULES = YES;
				CLANG_ENABLE_OBJC_ARC = YES;
				CLANG_ENABLE_OBJC_WEAK = YES;
				CLANG_WARN_BLOCK_CAPTURE_AUTORELEASING = YES;
				CLANG_WARN_BOOL_CONVERSION = YES;
				CLANG_WARN_COMMA = YES;
				CLANG_WARN_CONSTANT_CONVERSION = YES;
				CLANG_WARN_DEPRECATED_OBJC_IMPLEMENTATIONS = YES;
				CLANG_WARN_DIRECT_OBJC_ISA_USAGE = YES_ERROR;
				CLANG_WARN_DOCUMENTATION_COMMENTS = YES;
				CLANG_WARN_EMPTY_BODY = YES;
				CLANG_WARN_ENUM_CONVERSION = YES;
				CLANG_WARN_INFINITE_RECURSION = YES;
				CLANG_WARN_INT_CONVERSION = YES;
				CLANG_WARN_NON_LITERAL_NULL_CONVERSION = YES;
				CLANG_WARN_OBJC_IMPLICIT_RETAIN_SELF = YES;
				CLANG_WARN_OBJC_LITERAL_CONVERSION = YES;
				CLANG_WARN_OBJC_ROOT_CLASS = YES_ERROR;
				CLANG_WARN_QUOTED_INCLUDE_IN_FRAMEWORK_HEADER = YES;
				CLANG_WARN_RANGE_LOOP_ANALYSIS = YES;
				CLANG_WARN_STRICT_PROTOTYPES = YES;
				CLANG_WARN_SUSPICIOUS_MOVE = YES;
				CLANG_WARN_UNGUARDED_AVAILABILITY = YES_AGGRESSIVE;
				CLANG_WARN_UNREACHABLE_CODE = YES;
				CLANG_WARN__DUPLICATE_METHOD_MATCH = YES;
				COPY_PHASE_STRIP = NO;
				DEBUG_INFORMATION_FORMAT = "dwarf-with-dsym";
				ENABLE_NS_ASSERTIONS = NO;
				ENABLE_STRICT_OBJC_MSGSEND = YES;
				ENABLE_USER_SCRIPT_SANDBOXING = YES;
				GCC_C_LANGUAGE_STANDARD = gnu17;
				GCC_NO_COMMON_BLOCKS = YES;
				GCC_WARN_64_TO_32_BIT_CONVERSION = YES;
				GCC_WARN_ABOUT_RETURN_TYPE = YES_ERROR;
				GCC_WARN_UNDECLARED_SELECTOR = YES;
				GCC_WARN_UNINITIALIZED_AUTOS = YES_AGGRESSIVE;
				GCC_WARN_UNUSED_FUNCTION = YES;
				GCC_WARN_UNUSED_VARIABLE = YES;
				IPHONEOS_DEPLOYMENT_TARGET = 18.0;
				LOCALIZATION_PREFERS_STRING_CATALOGS = YES;
				MTL_ENABLE_DEBUG_INFO = NO;
				MTL_FAST_MATH = YES;
				SDKROOT = iphoneos;
				SWIFT_ACTIVE_COMPILATION_CONDITIONS = "DEV_SERVER $(inherited)";
				SWIFT_COMPILATION_MODE = wholemodule;
				VALIDATE_PRODUCT = YES;
			};
			name = "Release-Dev";
		};
		9E0C1A232F7A7A4900AB15F3 /* Debug */ = {
			isa = XCBuildConfiguration;
			baseConfigurationReferenceAnchor = 9E0C1A192F7A7A4800AB15F3 /* Bookiibookii */;
			baseConfigurationReferenceRelativePath = Config.xcconfig;
			buildSettings = {
				ASSETCATALOG_COMPILER_APPICON_NAME = AppIcon;
				ASSETCATALOG_COMPILER_GLOBAL_ACCENT_COLOR_NAME = AccentColor;
				CODE_SIGN_ENTITLEMENTS = Bookiibookii/Bookiibookii.entitlements;
				CODE_SIGN_STYLE = Automatic;
				CURRENT_PROJECT_VERSION = 13;
				DEVELOPMENT_TEAM = DAJCZW6W6Y;
				ENABLE_PREVIEWS = YES;
				GENERATE_INFOPLIST_FILE = YES;
				INFOPLIST_FILE = Bookiibookii/Info.plist;
				INFOPLIST_KEY_CFBundleDisplayName = "부키부키";
				INFOPLIST_KEY_NSCameraUsageDescription = "프로필 사진 촬영을 위해 카메라 접근 권한이 필요합니다.";
				INFOPLIST_KEY_NSPhotoLibraryAddUsageDescription = "프로필 공유 이미지를 사진 보관함에 저장하기 위해 접근이 필요합니다.";
				INFOPLIST_KEY_NSPhotoLibraryUsageDescription = "독서카드 이미지를 선택하기 위해 사진 접근이 필요합니다.";
				INFOPLIST_KEY_UIApplicationSceneManifest_Generation = YES;
				INFOPLIST_KEY_UIApplicationSupportsIndirectInputEvents = YES;
				INFOPLIST_KEY_UILaunchScreen_Generation = YES;
				INFOPLIST_KEY_UISupportedInterfaceOrientations_iPhone = UIInterfaceOrientationPortrait;
				INFOPLIST_KEY_UIUserInterfaceStyle = Light;
				IPHONEOS_DEPLOYMENT_TARGET = 18.0;
				LD_RUNPATH_SEARCH_PATHS = (
					"$(inherited)",
					"@executable_path/Frameworks",
				);
				MARKETING_VERSION = 2.2;
				PRODUCT_BUNDLE_IDENTIFIER = com.ios.bookiibookii;
				PRODUCT_NAME = "$(TARGET_NAME)";
				STRING_CATALOG_GENERATE_SYMBOLS = YES;
				SWIFT_APPROACHABLE_CONCURRENCY = YES;
				SWIFT_DEFAULT_ACTOR_ISOLATION = MainActor;
				SWIFT_EMIT_LOC_STRINGS = YES;
				SWIFT_UPCOMING_FEATURE_MEMBER_IMPORT_VISIBILITY = YES;
				SWIFT_VERSION = 5.0;
				TARGETED_DEVICE_FAMILY = 1;
			};
			name = Debug;
		};
		9E0C1A242F7A7A4900AB15F3 /* Release */ = {
			isa = XCBuildConfiguration;
			baseConfigurationReferenceAnchor = 9E0C1A192F7A7A4800AB15F3 /* Bookiibookii */;
			baseConfigurationReferenceRelativePath = Config.xcconfig;
			buildSettings = {
				ASSETCATALOG_COMPILER_APPICON_NAME = AppIcon;
				ASSETCATALOG_COMPILER_GLOBAL_ACCENT_COLOR_NAME = AccentColor;
				CODE_SIGN_ENTITLEMENTS = Bookiibookii/BookiibookiiRelease.entitlements;
				CODE_SIGN_STYLE = Automatic;
				CURRENT_PROJECT_VERSION = 13;
				DEVELOPMENT_TEAM = DAJCZW6W6Y;
				ENABLE_PREVIEWS = YES;
				GENERATE_INFOPLIST_FILE = YES;
				INFOPLIST_FILE = Bookiibookii/Info.plist;
				INFOPLIST_KEY_CFBundleDisplayName = "부키부키";
				INFOPLIST_KEY_NSCameraUsageDescription = "프로필 사진 촬영을 위해 카메라 접근 권한이 필요합니다.";
				INFOPLIST_KEY_NSPhotoLibraryAddUsageDescription = "프로필 공유 이미지를 사진 보관함에 저장하기 위해 접근이 필요합니다.";
				INFOPLIST_KEY_NSPhotoLibraryUsageDescription = "독서카드 이미지를 선택하기 위해 사진 접근이 필요합니다.";
				INFOPLIST_KEY_UIApplicationSceneManifest_Generation = YES;
				INFOPLIST_KEY_UIApplicationSupportsIndirectInputEvents = YES;
				INFOPLIST_KEY_UILaunchScreen_Generation = YES;
				INFOPLIST_KEY_UISupportedInterfaceOrientations_iPhone = UIInterfaceOrientationPortrait;
				INFOPLIST_KEY_UIUserInterfaceStyle = Light;
				IPHONEOS_DEPLOYMENT_TARGET = 18.0;
				LD_RUNPATH_SEARCH_PATHS = (
					"$(inherited)",
					"@executable_path/Frameworks",
				);
				MARKETING_VERSION = 2.2;
				PRODUCT_BUNDLE_IDENTIFIER = com.ios.bookiibookii;
				PRODUCT_NAME = "$(TARGET_NAME)";
				STRING_CATALOG_GENERATE_SYMBOLS = YES;
				SWIFT_APPROACHABLE_CONCURRENCY = YES;
				SWIFT_DEFAULT_ACTOR_ISOLATION = MainActor;
				SWIFT_EMIT_LOC_STRINGS = YES;
				SWIFT_UPCOMING_FEATURE_MEMBER_IMPORT_VISIBILITY = YES;
				SWIFT_VERSION = 5.0;
				TARGETED_DEVICE_FAMILY = 1;
			};
			name = Release;
		};
		9E0C1A262F7A7A4900AB15F3 /* Release-Dev */ = {
			isa = XCBuildConfiguration;
			baseConfigurationReferenceAnchor = 9E0C1A192F7A7A4800AB15F3 /* Bookiibookii */;
			baseConfigurationReferenceRelativePath = Config.xcconfig;
			buildSettings = {
				ASSETCATALOG_COMPILER_APPICON_NAME = AppIcon;
				ASSETCATALOG_COMPILER_GLOBAL_ACCENT_COLOR_NAME = AccentColor;
				CODE_SIGN_ENTITLEMENTS = Bookiibookii/BookiibookiiRelease.entitlements;
				CODE_SIGN_STYLE = Automatic;
				CURRENT_PROJECT_VERSION = 13;
				DEVELOPMENT_TEAM = DAJCZW6W6Y;
				ENABLE_PREVIEWS = YES;
				GENERATE_INFOPLIST_FILE = YES;
				INFOPLIST_FILE = Bookiibookii/Info.plist;
				INFOPLIST_KEY_CFBundleDisplayName = "부키부키";
				INFOPLIST_KEY_NSCameraUsageDescription = "프로필 사진 촬영을 위해 카메라 접근 권한이 필요합니다.";
				INFOPLIST_KEY_NSPhotoLibraryAddUsageDescription = "프로필 공유 이미지를 사진 보관함에 저장하기 위해 접근이 필요합니다.";
				INFOPLIST_KEY_NSPhotoLibraryUsageDescription = "독서카드 이미지를 선택하기 위해 사진 접근이 필요합니다.";
				INFOPLIST_KEY_UIApplicationSceneManifest_Generation = YES;
				INFOPLIST_KEY_UIApplicationSupportsIndirectInputEvents = YES;
				INFOPLIST_KEY_UILaunchScreen_Generation = YES;
				INFOPLIST_KEY_UISupportedInterfaceOrientations_iPhone = UIInterfaceOrientationPortrait;
				INFOPLIST_KEY_UIUserInterfaceStyle = Light;
				IPHONEOS_DEPLOYMENT_TARGET = 18.0;
				LD_RUNPATH_SEARCH_PATHS = (
					"$(inherited)",
					"@executable_path/Frameworks",
				);
				MARKETING_VERSION = 2.2;
				PRODUCT_BUNDLE_IDENTIFIER = com.ios.bookiibookii;
				PRODUCT_NAME = "$(TARGET_NAME)";
				STRING_CATALOG_GENERATE_SYMBOLS = YES;
				SWIFT_APPROACHABLE_CONCURRENCY = YES;
				SWIFT_DEFAULT_ACTOR_ISOLATION = MainActor;
				SWIFT_EMIT_LOC_STRINGS = YES;
				SWIFT_UPCOMING_FEATURE_MEMBER_IMPORT_VISIBILITY = YES;
				SWIFT_VERSION = 5.0;
				TARGETED_DEVICE_FAMILY = 1;
			};
			name = "Release-Dev";
		};
/* End XCBuildConfiguration section */

/* Begin XCConfigurationList section */
		9E0C1A122F7A7A4800AB15F3 /* Build configuration list for PBXProject "Bookiibookii" */ = {
			isa = XCConfigurationList;
			buildConfigurations = (
				9E0C1A202F7A7A4900AB15F3 /* Debug */,
				9E0C1A212F7A7A4900AB15F3 /* Release */,
				9E0C1A252F7A7A4900AB15F3 /* Release-Dev */,
			);
			defaultConfigurationIsVisible = 0;
			defaultConfigurationName = Release;
		};
		9E0C1A222F7A7A4900AB15F3 /* Build configuration list for PBXNativeTarget "Bookiibookii" */ = {
			isa = XCConfigurationList;
			buildConfigurations = (
				9E0C1A232F7A7A4900AB15F3 /* Debug */,
				9E0C1A242F7A7A4900AB15F3 /* Release */,
				9E0C1A262F7A7A4900AB15F3 /* Release-Dev */,
			);
			defaultConfigurationIsVisible = 0;
			defaultConfigurationName = Release;
		};
/* End XCConfigurationList section */

/* Begin XCRemoteSwiftPackageReference section */
		9E3D67652F7E578300EDF220 /* XCRemoteSwiftPackageReference "kakao-ios-sdk" */ = {
			isa = XCRemoteSwiftPackageReference;
			repositoryURL = "https://github.com/kakao/kakao-ios-sdk";
			requirement = {
				kind = upToNextMajorVersion;
				minimumVersion = 2.27.2;
			};
		};
		9E3D67BE2F7EC42E00EDF220 /* XCRemoteSwiftPackageReference "GoogleSignIn-iOS" */ = {
			isa = XCRemoteSwiftPackageReference;
			repositoryURL = "https://github.com/google/GoogleSignIn-iOS";
			requirement = {
				kind = upToNextMajorVersion;
				minimumVersion = 9.1.0;
			};
		};
		9EE1D3A52F9937A1006B0005 /* XCRemoteSwiftPackageReference "Kingfisher" */ = {
			isa = XCRemoteSwiftPackageReference;
			repositoryURL = "https://github.com/onevcat/Kingfisher";
			requirement = {
				kind = upToNextMajorVersion;
				minimumVersion = 8.0.0;
			};
		};
		D489A46F1B954E2BB049319C /* XCRemoteSwiftPackageReference "firebase-ios-sdk" */ = {
			isa = XCRemoteSwiftPackageReference;
			repositoryURL = "https://github.com/firebase/firebase-ios-sdk";
			requirement = {
				kind = upToNextMajorVersion;
				minimumVersion = 11.0.0;
			};
		};
/* End XCRemoteSwiftPackageReference section */

/* Begin XCSwiftPackageProductDependency section */
		6A840767BC09419ABC2DA19E /* FirebaseMessaging */ = {
			isa = XCSwiftPackageProductDependency;
			package = D489A46F1B954E2BB049319C /* XCRemoteSwiftPackageReference "firebase-ios-sdk" */;
			productName = FirebaseMessaging;
		};
		871D9FCE296143969AC79517 /* FirebaseCore */ = {
			isa = XCSwiftPackageProductDependency;
			package = D489A46F1B954E2BB049319C /* XCRemoteSwiftPackageReference "firebase-ios-sdk" */;
			productName = FirebaseCore;
		};
		9E3D67B62F7E640600EDF220 /* KakaoSDK */ = {
			isa = XCSwiftPackageProductDependency;
			package = 9E3D67652F7E578300EDF220 /* XCRemoteSwiftPackageReference "kakao-ios-sdk" */;
			productName = KakaoSDK;
		};
		9E3D67B82F7E640600EDF220 /* KakaoSDKAuth */ = {
			isa = XCSwiftPackageProductDependency;
			package = 9E3D67652F7E578300EDF220 /* XCRemoteSwiftPackageReference "kakao-ios-sdk" */;
			productName = KakaoSDKAuth;
		};
		9E3D67BA2F7E640600EDF220 /* KakaoSDKCommon */ = {
			isa = XCSwiftPackageProductDependency;
			package = 9E3D67652F7E578300EDF220 /* XCRemoteSwiftPackageReference "kakao-ios-sdk" */;
			productName = KakaoSDKCommon;
		};
		9E3D67BC2F7E640600EDF220 /* KakaoSDKUser */ = {
			isa = XCSwiftPackageProductDependency;
			package = 9E3D67652F7E578300EDF220 /* XCRemoteSwiftPackageReference "kakao-ios-sdk" */;
			productName = KakaoSDKUser;
		};
		9E3D67BF2F7EC42E00EDF220 /* GoogleSignIn */ = {
			isa = XCSwiftPackageProductDependency;
			package = 9E3D67BE2F7EC42E00EDF220 /* XCRemoteSwiftPackageReference "GoogleSignIn-iOS" */;
			productName = GoogleSignIn;
		};
		9E3D67C12F7EC42E00EDF220 /* GoogleSignInSwift */ = {
			isa = XCSwiftPackageProductDependency;
			package = 9E3D67BE2F7EC42E00EDF220 /* XCRemoteSwiftPackageReference "GoogleSignIn-iOS" */;
			productName = GoogleSignInSwift;
		};
		9EE1D3A62F9937A1006B0005 /* Kingfisher */ = {
			isa = XCSwiftPackageProductDependency;
			package = 9EE1D3A52F9937A1006B0005 /* XCRemoteSwiftPackageReference "Kingfisher" */;
			productName = Kingfisher;
		};
		9EE2A0022FBE0001006B0001 /* KakaoSDKShare */ = {
			isa = XCSwiftPackageProductDependency;
			package = 9E3D67652F7E578300EDF220 /* XCRemoteSwiftPackageReference "kakao-ios-sdk" */;
			productName = KakaoSDKShare;
		};
		9EE2A0042FBE0001006B0001 /* KakaoSDKTemplate */ = {
			isa = XCSwiftPackageProductDependency;
			package = 9E3D67652F7E578300EDF220 /* XCRemoteSwiftPackageReference "kakao-ios-sdk" */;
			productName = KakaoSDKTemplate;
		};
/* End XCSwiftPackageProductDependency section */
	};
	rootObject = 9E0C1A0F2F7A7A4800AB15F3 /* Project object */;
}
